
Microsoft Visual Studio Solution File, Format Version 12.00
# Visual Studio 15
VisualStudioVersion = 15.0.28010.2026
MinimumVisualStudioVersion = 10.0.40219.1
Project("{FAE04EC0-301F-11D3-BF4B-00C04F79EFBC}") = "WebApplication13", "WebApplication13\WebApplication13.csproj", "{4108C0E2-E81B-4E96-8923-097809563747}"
EndProject
Global
	GlobalSection(SolutionConfigurationPlatforms) = preSolution
		Debug|Any CPU = Debug|Any CPU
		Release|Any CPU = Release|Any CPU
	EndGlobalSection
	GlobalSection(ProjectConfigurationPlatforms) = postSolution
		{4108C0E2-E81B-4E96-8923-097809563747}.Debug|Any CPU.ActiveCfg = Debug|Any CPU
		{4108C0E2-E81B-4E96-8923-097809563747}.Debug|Any CPU.Build.0 = Debug|Any CPU
		{4108C0E2-E81B-4E96-8923-097809563747}.Release|Any CPU.ActiveCfg = Release|Any CPU
		{4108C0E2-E81B-4E96-8923-097809563747}.Release|Any CPU.Build.0 = Release|Any CPU
	EndGlobalSection
	GlobalSection(SolutionProperties) = preSolution
		HideSolutionNode = FALSE
	EndGlobalSection
	GlobalSection(ExtensibilityGlobals) = postSolution
		SolutionGuid = {534CB693-76C1-45DF-9C70-8D14BC38AF35}
	EndGlobalSection
EndGlobal
